
Microsoft Visual Studio Solution File, Format Version 12.00
# Visual Studio Version 17
VisualStudioVersion = 17.7.34031.279
MinimumVisualStudioVersion = 10.0.40219.1
Project("{FAE04EC0-301F-11D3-BF4B-00C04F79EFBC}") = "lab6.2", "lab6.2.csproj", "{EF27D479-C989-488F-AB87-A8A49556C160}"
EndProject
Global
	GlobalSection(SolutionConfigurationPlatforms) = preSolution
		Debug|Any CPU = Debug|Any CPU
		Release|Any CPU = Release|Any CPU
	EndGlobalSection
	GlobalSection(ProjectConfigurationPlatforms) = postSolution
		{EF27D479-C989-488F-AB87-A8A49556C160}.Debug|Any CPU.ActiveCfg = Debug|Any CPU
		{EF27D479-C989-488F-AB87-A8A49556C160}.Debug|Any CPU.Build.0 = Debug|Any CPU
		{EF27D479-C989-488F-AB87-A8A49556C160}.Release|Any CPU.ActiveCfg = Release|Any CPU
		{EF27D479-C989-488F-AB87-A8A49556C160}.Release|Any CPU.Build.0 = Release|Any CPU
	EndGlobalSection
	GlobalSection(SolutionProperties) = preSolution
		HideSolutionNode = FALSE
	EndGlobalSection
	GlobalSection(ExtensibilityGlobals) = postSolution
		SolutionGuid = {5BE2EDB0-B949-4A0C-89DD-9B4687615D1E}
	EndGlobalSection
EndGlobal
